Microsoft Visual Studio Solution File, Format Version 12.00
# Visual Studio Version 17
VisualStudioVersion = 17.5.2.0
MinimumVisualStudioVersion = 10.0.40219.1
Project("{FAE04EC0-301F-11D3-BF4B-00C04F79EFBC}") = "RestAPI Controllers", "RestAPI Controllers.csproj", "{F644762D-E210-D1B3-69E9-47E7ED71269E}"
EndProject
Global
	GlobalSection(SolutionConfigurationPlatforms) = preSolution
		Debug|Any CPU = Debug|Any CPU
		Release|Any CPU = Release|Any CPU
	EndGlobalSection
	GlobalSection(ProjectConfigurationPlatforms) = postSolution
		{F644762D-E210-D1B3-69E9-47E7ED71269E}.Debug|Any CPU.ActiveCfg = Debug|Any CPU
		{F644762D-E210-D1B3-69E9-47E7ED71269E}.Debug|Any CPU.Build.0 = Debug|Any CPU
		{F644762D-E210-D1B3-69E9-47E7ED71269E}.Release|Any CPU.ActiveCfg = Release|Any CPU
		{F644762D-E210-D1B3-69E9-47E7ED71269E}.Release|Any CPU.Build.0 = Release|Any CPU
	EndGlobalSection
	GlobalSection(SolutionProperties) = preSolution
		HideSolutionNode = FALSE
	EndGlobalSection
	GlobalSection(ExtensibilityGlobals) = postSolution
		SolutionGuid = {BF4D5015-5E52-4AA1-874A-701689786196}
	EndGlobalSection
EndGlobal
